
Microsoft Visual Studio Solution File, Format Version 12.00
# Visual Studio Version 16
VisualStudioVersion = 16.0.32510.428
MinimumVisualStudioVersion = 10.0.40219.1
Project("{F184B08F-C81C-45F6-A57F-5ABD9991F28F}") = "FlexitRequestsManager", "FlexitRequestsManager.vbproj", "{6275A8C0-9503-451D-8DA0-EE1D51A29E30}"
EndProject
Global
	GlobalSection(SolutionConfigurationPlatforms) = preSolution
		Debug|x86 = Debug|x86
		Release|x86 = Release|x86
	EndGlobalSection
	GlobalSection(ProjectConfigurationPlatforms) = postSolution
		{6275A8C0-9503-451D-8DA0-EE1D51A29E30}.Debug|x86.ActiveCfg = Debug|x86
		{6275A8C0-9503-451D-8DA0-EE1D51A29E30}.Debug|x86.Build.0 = Debug|x86
		{6275A8C0-9503-451D-8DA0-EE1D51A29E30}.Release|x86.ActiveCfg = Release|x86
		{6275A8C0-9503-451D-8DA0-EE1D51A29E30}.Release|x86.Build.0 = Release|x86
	EndGlobalSection
	GlobalSection(SolutionProperties) = preSolution
		HideSolutionNode = FALSE
	EndGlobalSection
	GlobalSection(ExtensibilityGlobals) = postSolution
		SolutionGuid = {A590A8D7-9795-4F11-84F0-14C51B045353}
	EndGlobalSection
EndGlobal
